// !$*UTF8*$!
{
	archiveVersion = 1;
	classes = {
	};
	objectVersion = 46;
	objects = {

/* Begin PBXBuildFile section */
		A14D40251D465128003F1B30 /* DataSource.m in Sources */ = {isa = PBXBuildFile; fileRef = A14D40241D465128003F1B30 /* DataSource.m */; };
		A14F87F81D40A2320078BB73 /* main.m in Sources */ = {isa = PBXBuildFile; fileRef = A14F87F71D40A2320078BB73 /* main.m */; };
		A14F87FB1D40A2320078BB73 /* AppDelegate.m in Sources */ = {isa = PBXBuildFile; fileRef = A14F87FA1D40A2320078BB73 /* AppDelegate.m */; };
		A14F87FE1D40A2320078BB73 /* MovieApp.xcdatamodeld in Sources */ = {isa = PBXBuildFile; fileRef = A14F87FC1D40A2320078BB73 /* MovieApp.xcdatamodeld */; };
		A14F88011D40A2320078BB73 /* ViewController.m in Sources */ = {isa = PBXBuildFile; fileRef = A14F88001D40A2320078BB73 /* ViewController.m */; };
		A14F88061D40A2320078BB73 /* Images.xcassets in Resources */ = {isa = PBXBuildFile; fileRef = A14F88051D40A2320078BB73 /* Images.xcassets */; };
		A14F881F1D40B6690078BB73 /* facebook_login.png in Resources */ = {isa = PBXBuildFile; fileRef = A14F881E1D40B6690078BB73 /* facebook_login.png */; };
		A14F88211D410CDD0078BB73 /* movies.png in Resources */ = {isa = PBXBuildFile; fileRef = A14F88201D410CDD0078BB73 /* movies.png */; };
		A14F88251D4118020078BB73 /* about.png in Resources */ = {isa = PBXBuildFile; fileRef = A14F88221D4118020078BB73 /* about.png */; };
		A14F88261D4118020078BB73 /* Help.png in Resources */ = {isa = PBXBuildFile; fileRef = A14F88231D4118020078BB73 /* Help.png */; };
		A14F88271D4118020078BB73 /* settings.png in Resources */ = {isa = PBXBuildFile; fileRef = A14F88241D4118020078BB73 /* settings.png */; };
		A14F88301D411C5D0078BB73 /* SearchViewController.m in Sources */ = {isa = PBXBuildFile; fileRef = A14F882F1D411C5D0078BB73 /* SearchViewController.m */; };
		A14F88331D411CC00078BB73 /* BookmarkViewController.m in Sources */ = {isa = PBXBuildFile; fileRef = A14F88321D411CC00078BB73 /* BookmarkViewController.m */; };
		A14F88361D411CF80078BB73 /* MovieDetailsViewController.m in Sources */ = {isa = PBXBuildFile; fileRef = A14F88351D411CF80078BB73 /* MovieDetailsViewController.m */; };
		A14F88391D411D430078BB73 /* SettingsViewController.m in Sources */ = {isa = PBXBuildFile; fileRef = A14F88381D411D430078BB73 /* SettingsViewController.m */; };
		A14F883C1D411DCA0078BB73 /* LoginViewController.m in Sources */ = {isa = PBXBuildFile; fileRef = A14F883B1D411DCA0078BB73 /* LoginViewController.m */; };
		A1B0F22F1D41F80E00D4E25A /* Film.m in Sources */ = {isa = PBXBuildFile; fileRef = A1B0F22E1D41F80E00D4E25A /* Film.m */; };
		EC36D001B25F7BF002D1B481 /* libPods-MovieApp.a in Frameworks */ = {isa = PBXBuildFile; fileRef = 872FC3E2094D58F3A17D7458 /* libPods-MovieApp.a */; };
/* End PBXBuildFile section */

/* Begin PBXFileReference section */
		18B96BB3712CC18F187A0923 /* libPods-MovieAppTests.a */ = {isa = PBXFileReference; explicitFileType = archive.ar; includeInIndex = 0; path = "libPods-MovieAppTests.a"; sourceTree = BUILT_PRODUCTS_DIR; };
		21931988CB452E99ED7E5610 /* Pods-MovieApp.release.xcconfig */ = {isa = PBXFileReference; includeInIndex = 1; lastKnownFileType = text.xcconfig; name = "Pods-MovieApp.release.xcconfig"; path = "Pods/Target Support Files/Pods-MovieApp/Pods-MovieApp.release.xcconfig"; sourceTree = "<group>"; };
		3812C08A13D18289A125BB10 /* Pods-MovieAppTests.release.xcconfig */ = {isa = PBXFileReference; includeInIndex = 1; lastKnownFileType = text.xcconfig; name = "Pods-MovieAppTests.release.xcconfig"; path = "Pods/Target Support Files/Pods-MovieAppTests/Pods-MovieAppTests.release.xcconfig"; sourceTree = "<group>"; };
		872FC3E2094D58F3A17D7458 /* libPods-MovieApp.a */ = {isa = PBXFileReference; explicitFileType = archive.ar; includeInIndex = 0; path = "libPods-MovieApp.a"; sourceTree = BUILT_PRODUCTS_DIR; };
		9EEEE82F449D14BD1FDEDB7E /* Pods-MovieAppTests.debug.xcconfig */ = {isa = PBXFileReference; includeInIndex = 1; lastKnownFileType = text.xcconfig; name = "Pods-MovieAppTests.debug.xcconfig"; path = "Pods/Target Support Files/Pods-MovieAppTests/Pods-MovieAppTests.debug.xcconfig"; sourceTree = "<group>"; };
		A14D40231D465128003F1B30 /* DataSource.h */ = {isa = PBXFileReference; fileEncoding = 4; lastKnownFileType = sourcecode.c.h; path = DataSource.h; sourceTree = "<group>"; };
		A14D40241D465128003F1B30 /* DataSource.m */ = {isa = PBXFileReference; fileEncoding = 4; lastKnownFileType = sourcecode.c.objc; path = DataSource.m; sourceTree = "<group>"; };
		A14F87F21D40A2320078BB73 /* MovieApp.app */ = {isa = PBXFileReference; explicitFileType = wrapper.application; includeInIndex = 0; path = MovieApp.app; sourceTree = BUILT_PRODUCTS_DIR; };
		A14F87F61D40A2320078BB73 /* Info.plist */ = {isa = PBXFileReference; lastKnownFileType = text.plist.xml; path = Info.plist; sourceTree = "<group>"; };
		A14F87F71D40A2320078BB73 /* main.m */ = {isa = PBXFileReference; lastKnownFileType = sourcecode.c.objc; path = main.m; sourceTree = "<group>"; };
		A14F87F91D40A2320078BB73 /* AppDelegate.h */ = {isa = PBXFileReference; lastKnownFileType = sourcecode.c.h; path = AppDelegate.h; sourceTree = "<group>"; };
		A14F87FA1D40A2320078BB73 /* AppDelegate.m */ = {isa = PBXFileReference; lastKnownFileType = sourcecode.c.objc; path = AppDelegate.m; sourceTree = "<group>"; };
		A14F87FD1D40A2320078BB73 /* MovieApp.xcdatamodel */ = {isa = PBXFileReference; lastKnownFileType = wrapper.xcdatamodel; path = MovieApp.xcdatamodel; sourceTree = "<group>"; };
		A14F87FF1D40A2320078BB73 /* ViewController.h */ = {isa = PBXFileReference; lastKnownFileType = sourcecode.c.h; path = ViewController.h; sourceTree = "<group>"; };
		A14F88001D40A2320078BB73 /* ViewController.m */ = {isa = PBXFileReference; lastKnownFileType = sourcecode.c.objc; path = ViewController.m; sourceTree = "<group>"; };
		A14F88031D40A2320078BB73 /* Base */ = {isa = PBXFileReference; lastKnownFileType = file.storyboard; name = Base; path = Base.lproj/Main.storyboard; sourceTree = "<group>"; };
		A14F88051D40A2320078BB73 /* Images.xcassets */ = {isa = PBXFileReference; lastKnownFileType = folder.assetcatalog; path = Images.xcassets; sourceTree = "<group>"; };
		A14F88081D40A2320078BB73 /* Base */ = {isa = PBXFileReference; lastKnownFileType = file.xib; name = Base; path = Base.lproj/LaunchScreen.xib; sourceTree = "<group>"; };
		A14F88131D40A2320078BB73 /* Info.plist */ = {isa = PBXFileReference; lastKnownFileType = text.plist.xml; path = Info.plist; sourceTree = "<group>"; };
		A14F88141D40A2320078BB73 /* MovieAppTests.m */ = {isa = PBXFileReference; lastKnownFileType = sourcecode.c.objc; path = MovieAppTests.m; sourceTree = "<group>"; };
		A14F881E1D40B6690078BB73 /* facebook_login.png */ = {isa = PBXFileReference; lastKnownFileType = image.png; name = facebook_login.png; path = Images.xcassets/facebook_login.png; sourceTree = "<group>"; };
		A14F88201D410CDD0078BB73 /* movies.png */ = {isa = PBXFileReference; lastKnownFileType = image.png; path = movies.png; sourceTree = "<group>"; };
		A14F88221D4118020078BB73 /* about.png */ = {isa = PBXFileReference; lastKnownFileType = image.png; path = about.png; sourceTree = "<group>"; };
		A14F88231D4118020078BB73 /* Help.png */ = {isa = PBXFileReference; lastKnownFileType = image.png; path = Help.png; sourceTree = "<group>"; };
		A14F88241D4118020078BB73 /* settings.png */ = {isa = PBXFileReference; lastKnownFileType = image.png; path = settings.png; sourceTree = "<group>"; };
		A14F882E1D411C5D0078BB73 /* SearchViewController.h */ = {isa = PBXFileReference; fileEncoding = 4; lastKnownFileType = sourcecode.c.h; path = SearchViewController.h; sourceTree = "<group>"; };
		A14F882F1D411C5D0078BB73 /* SearchViewController.m */ = {isa = PBXFileReference; fileEncoding = 4; lastKnownFileType = sourcecode.c.objc; path = SearchViewController.m; sourceTree = "<group>"; };
		A14F88311D411CC00078BB73 /* BookmarkViewController.h */ = {isa = PBXFileReference; fileEncoding = 4; lastKnownFileType = sourcecode.c.h; path = BookmarkViewController.h; sourceTree = "<group>"; };
		A14F88321D411CC00078BB73 /* BookmarkViewController.m */ = {isa = PBXFileReference; fileEncoding = 4; lastKnownFileType = sourcecode.c.objc; path = BookmarkViewController.m; sourceTree = "<group>"; };
		A14F88341D411CF80078BB73 /* MovieDetailsViewController.h */ = {isa = PBXFileReference; fileEncoding = 4; lastKnownFileType = sourcecode.c.h; path = MovieDetailsViewController.h; sourceTree = "<group>"; };
		A14F88351D411CF80078BB73 /* MovieDetailsViewController.m */ = {isa = PBXFileReference; fileEncoding = 4; lastKnownFileType = sourcecode.c.objc; path = MovieDetailsViewController.m; sourceTree = "<group>"; };
		A14F88371D411D430078BB73 /* SettingsViewController.h */ = {isa = PBXFileReference; fileEncoding = 4; lastKnownFileType = sourcecode.c.h; path = SettingsViewController.h; sourceTree = "<group>"; };
		A14F88381D411D430078BB73 /* SettingsViewController.m */ = {isa = PBXFileReference; fileEncoding = 4; lastKnownFileType = sourcecode.c.objc; path = SettingsViewController.m; sourceTree = "<group>"; };
		A14F883A1D411DCA0078BB73 /* LoginViewController.h */ = {isa = PBXFileReference; fileEncoding = 4; lastKnownFileType = sourcecode.c.h; path = LoginViewController.h; sourceTree = "<group>"; };
		A14F883B1D411DCA0078BB73 /* LoginViewController.m */ = {isa = PBXFileReference; fileEncoding = 4; lastKnownFileType = sourcecode.c.objc; path = LoginViewController.m; sourceTree = "<group>"; };
		A1B0F22D1D41F80E00D4E25A /* Film.h */ = {isa = PBXFileReference; fileEncoding = 4; lastKnownFileType = sourcecode.c.h; path = Film.h; sourceTree = "<group>"; };
		A1B0F22E1D41F80E00D4E25A /* Film.m */ = {isa = PBXFileReference; fileEncoding = 4; lastKnownFileType = sourcecode.c.objc; path = Film.m; sourceTree = "<group>"; };
		A1B0F2301D41FB6900D4E25A /* MovieApp_prefix.pch */ = {isa = PBXFileReference; lastKnownFileType = sourcecode.c.h; path = MovieApp_prefix.pch; sourceTree = "<group>"; };
		AB4E6C94FDF47A606FB8681D /* Pods-MovieApp.debug.xcconfig */ = {isa = PBXFileReference; includeInIndex = 1; lastKnownFileType = text.xcconfig; name = "Pods-MovieApp.debug.xcconfig"; path = "Pods/Target Support Files/Pods-MovieApp/Pods-MovieApp.debug.xcconfig"; sourceTree = "<group>"; };
/* End PBXFileReference section */

/* Begin PBXFrameworksBuildPhase section */
		A14F87EF1D40A2320078BB73 /* Frameworks */ = {
			isa = PBXFrameworksBuildPhase;
			buildActionMask = 2147483647;
			files = (
				EC36D001B25F7BF002D1B481 /* libPods-MovieApp.a in Frameworks */,
			);
			runOnlyForDeploymentPostprocessing = 0;
		};
/* End PBXFrameworksBuildPhase section */

/* Begin PBXGroup section */
		67008C0E1D6A7B299F0F9BC7 /* Frameworks */ = {
			isa = PBXGroup;
			children = (
				872FC3E2094D58F3A17D7458 /* libPods-MovieApp.a */,
				18B96BB3712CC18F187A0923 /* libPods-MovieAppTests.a */,
			);
			name = Frameworks;
			sourceTree = "<group>";
		};
		7476E62D3D5B1C0716FF6A5F /* Pods */ = {
			isa = PBXGroup;
			children = (
				AB4E6C94FDF47A606FB8681D /* Pods-MovieApp.debug.xcconfig */,
				21931988CB452E99ED7E5610 /* Pods-MovieApp.release.xcconfig */,
				9EEEE82F449D14BD1FDEDB7E /* Pods-MovieAppTests.debug.xcconfig */,
				3812C08A13D18289A125BB10 /* Pods-MovieAppTests.release.xcconfig */,
			);
			name = Pods;
			sourceTree = "<group>";
		};
		A14F87E91D40A2320078BB73 = {
			isa = PBXGroup;
			children = (
				A14F87F41D40A2320078BB73 /* MovieApp */,
				A14F88111D40A2320078BB73 /* MovieAppTests */,
				A14F87F31D40A2320078BB73 /* Products */,
				7476E62D3D5B1C0716FF6A5F /* Pods */,
				67008C0E1D6A7B299F0F9BC7 /* Frameworks */,
			);
			sourceTree = "<group>";
		};
		A14F87F31D40A2320078BB73 /* Products */ = {
			isa = PBXGroup;
			children = (
				A14F87F21D40A2320078BB73 /* MovieApp.app */,
			);
			name = Products;
			sourceTree = "<group>";
		};
		A14F87F41D40A2320078BB73 /* MovieApp */ = {
			isa = PBXGroup;
			children = (
				A1B0F2301D41FB6900D4E25A /* MovieApp_prefix.pch */,
				A14F87FA1D40A2320078BB73 /* AppDelegate.m */,
				A14F87F91D40A2320078BB73 /* AppDelegate.h */,
				A14F87FF1D40A2320078BB73 /* ViewController.h */,
				A14F88001D40A2320078BB73 /* ViewController.m */,
				A14F88021D40A2320078BB73 /* Main.storyboard */,
				A14F883A1D411DCA0078BB73 /* LoginViewController.h */,
				A14F883B1D411DCA0078BB73 /* LoginViewController.m */,
				A14F88371D411D430078BB73 /* SettingsViewController.h */,
				A14F88381D411D430078BB73 /* SettingsViewController.m */,
				A14F88341D411CF80078BB73 /* MovieDetailsViewController.h */,
				A14F88351D411CF80078BB73 /* MovieDetailsViewController.m */,
				A14F88311D411CC00078BB73 /* BookmarkViewController.h */,
				A14F88321D411CC00078BB73 /* BookmarkViewController.m */,
				A14F882E1D411C5D0078BB73 /* SearchViewController.h */,
				A14F882F1D411C5D0078BB73 /* SearchViewController.m */,
				A14F88051D40A2320078BB73 /* Images.xcassets */,
				A14F88221D4118020078BB73 /* about.png */,
				A14F88231D4118020078BB73 /* Help.png */,
				A14F88241D4118020078BB73 /* settings.png */,
				A14F88201D410CDD0078BB73 /* movies.png */,
				A14F881E1D40B6690078BB73 /* facebook_login.png */,
				A14F88071D40A2320078BB73 /* LaunchScreen.xib */,
				A14F87FC1D40A2320078BB73 /* MovieApp.xcdatamodeld */,
				A14F87F51D40A2320078BB73 /* Supporting Files */,
				A1B0F22D1D41F80E00D4E25A /* Film.h */,
				A1B0F22E1D41F80E00D4E25A /* Film.m */,
				A14D40231D465128003F1B30 /* DataSource.h */,
				A14D40241D465128003F1B30 /* DataSource.m */,
			);
			path = MovieApp;
			sourceTree = "<group>";
		};
		A14F87F51D40A2320078BB73 /* Supporting Files */ = {
			isa = PBXGroup;
			children = (
				A14F87F61D40A2320078BB73 /* Info.plist */,
				A14F87F71D40A2320078BB73 /* main.m */,
			);
			name = "Supporting Files";
			sourceTree = "<group>";
		};
		A14F88111D40A2320078BB73 /* MovieAppTests */ = {
			isa = PBXGroup;
			children = (
				A14F88141D40A2320078BB73 /* MovieAppTests.m */,
				A14F88121D40A2320078BB73 /* Supporting Files */,
			);
			path = MovieAppTests;
			sourceTree = "<group>";
		};
		A14F88121D40A2320078BB73 /* Supporting Files */ = {
			isa = PBXGroup;
			children = (
				A14F88131D40A2320078BB73 /* Info.plist */,
			);
			name = "Supporting Files";
			sourceTree = "<group>";
		};
/* End PBXGroup section */

/* Begin PBXNativeTarget section */
		A14F87F11D40A2320078BB73 /* MovieApp */ = {
			isa = PBXNativeTarget;
			buildConfigurationList = A14F88181D40A2320078BB73 /* Build configuration list for PBXNativeTarget "MovieApp" */;
			buildPhases = (
				167EC32490ABC333F8B1AA17 /* [CP] Check Pods Manifest.lock */,
				A14F87EE1D40A2320078BB73 /* Sources */,
				A14F87EF1D40A2320078BB73 /* Frameworks */,
				A14F87F01D40A2320078BB73 /* Resources */,
				B234B99AF003774841BB32E5 /* [CP] Embed Pods Frameworks */,
				B6F63C562EE1703E637B49EB /* [CP] Copy Pods Resources */,
			);
			buildRules = (
			);
			dependencies = (
			);
			name = MovieApp;
			productName = MovieApp;
			productReference = A14F87F21D40A2320078BB73 /* MovieApp.app */;
			productType = "com.apple.product-type.application";
		};
/* End PBXNativeTarget section */

/* Begin PBXProject section */
		A14F87EA1D40A2320078BB73 /* Project object */ = {
			isa = PBXProject;
			attributes = {
				LastUpgradeCheck = 0610;
				ORGANIZATIONNAME = softikoda;
				TargetAttributes = {
					A14F87F11D40A2320078BB73 = {
						CreatedOnToolsVersion = 6.1.1;
					};
				};
			};
			buildConfigurationList = A14F87ED1D40A2320078BB73 /* Build configuration list for PBXProject "MovieApp" */;
			compatibilityVersion = "Xcode 3.2";
			developmentRegion = English;
			hasScannedForEncodings = 0;
			knownRegions = (
				en,
				Base,
			);
			mainGroup = A14F87E91D40A2320078BB73;
			productRefGroup = A14F87F31D40A2320078BB73 /* Products */;
			projectDirPath = "";
			projectRoot = "";
			targets = (
				A14F87F11D40A2320078BB73 /* MovieApp */,
			);
		};
/* End PBXProject section */

/* Begin PBXResourcesBuildPhase section */
		A14F87F01D40A2320078BB73 /* Resources */ = {
			isa = PBXResourcesBuildPhase;
			buildActionMask = 2147483647;
			files = (
				A14F88271D4118020078BB73 /* settings.png in Resources */,
				A14F88211D410CDD0078BB73 /* movies.png in Resources */,
				A14F88261D4118020078BB73 /* Help.png in Resources */,
				A14F88061D40A2320078BB73 /* Images.xcassets in Resources */,
				A14F881F1D40B6690078BB73 /* facebook_login.png in Resources */,
				A14F88251D4118020078BB73 /* about.png in Resources */,
			);
			runOnlyForDeploymentPostprocessing = 0;
		};
/* End PBXResourcesBuildPhase section */

/* Begin PBXShellScriptBuildPhase section */
		167EC32490ABC333F8B1AA17 /* [CP] Check Pods Manifest.lock */ = {
			isa = PBXShellScriptBuildPhase;
			buildActionMask = 2147483647;
			files = (
			);
			inputPaths = (
			);
			name = "[CP] Check Pods Manifest.lock";
			outputPaths = (
			);
			runOnlyForDeploymentPostprocessing = 0;
			shellPath = /bin/sh;
			shellScript = "diff \"${PODS_ROOT}/../Podfile.lock\" \"${PODS_ROOT}/Manifest.lock\" > /dev/null\nif [[ $? != 0 ]] ; then\n    cat << EOM\nerror: The sandbox is not in sync with the Podfile.lock. Run 'pod install' or update your CocoaPods installation.\nEOM\n    exit 1\nfi\n";
			showEnvVarsInLog = 0;
		};
		B234B99AF003774841BB32E5 /* [CP] Embed Pods Frameworks */ = {
			isa = PBXShellScriptBuildPhase;
			buildActionMask = 2147483647;
			files = (
			);
			inputPaths = (
			);
			name = "[CP] Embed Pods Frameworks";
			outputPaths = (
			);
			runOnlyForDeploymentPostprocessing = 0;
			shellPath = /bin/sh;
			shellScript = "\"${SRCROOT}/Pods/Target Support Files/Pods-MovieApp/Pods-MovieApp-frameworks.sh\"\n";
			showEnvVarsInLog = 0;
		};
		B6F63C562EE1703E637B49EB /* [CP] Copy Pods Resources */ = {
			isa = PBXShellScriptBuildPhase;
			buildActionMask = 2147483647;
			files = (
			);
			inputPaths = (
			);
			name = "[CP] Copy Pods Resources";
			outputPaths = (
			);
			runOnlyForDeploymentPostprocessing = 0;
			shellPath = /bin/sh;
			shellScript = "\"${SRCROOT}/Pods/Target Support Files/Pods-MovieApp/Pods-MovieApp-resources.sh\"\n";
			showEnvVarsInLog = 0;
		};
/* End PBXShellScriptBuildPhase section */

/* Begin PBXSourcesBuildPhase section */
		A14F87EE1D40A2320078BB73 /* Sources */ = {
			isa = PBXSourcesBuildPhase;
			buildActionMask = 2147483647;
			files = (
				A14F87FB1D40A2320078BB73 /* AppDelegate.m in Sources */,
				A14F87F81D40A2320078BB73 /* main.m in Sources */,
				A14F88331D411CC00078BB73 /* BookmarkViewController.m in Sources */,
				A14F88391D411D430078BB73 /* SettingsViewController.m in Sources */,
				A14F88361D411CF80078BB73 /* MovieDetailsViewController.m in Sources */,
				A1B0F22F1D41F80E00D4E25A /* Film.m in Sources */,
				A14F883C1D411DCA0078BB73 /* LoginViewController.m in Sources */,
				A14F88301D411C5D0078BB73 /* SearchViewController.m in Sources */,
				A14D40251D465128003F1B30 /* DataSource.m in Sources */,
				A14F88011D40A2320078BB73 /* ViewController.m in Sources */,
				A14F87FE1D40A2320078BB73 /* MovieApp.xcdatamodeld in Sources */,
			);
			runOnlyForDeploymentPostprocessing = 0;
		};
/* End PBXSourcesBuildPhase section */

/* Begin PBXVariantGroup section */
		A14F88021D40A2320078BB73 /* Main.storyboard */ = {
			isa = PBXVariantGroup;
			children = (
				A14F88031D40A2320078BB73 /* Base */,
			);
			name = Main.storyboard;
			sourceTree = "<group>";
		};
		A14F88071D40A2320078BB73 /* LaunchScreen.xib */ = {
			isa = PBXVariantGroup;
			children = (
				A14F88081D40A2320078BB73 /* Base */,
			);
			name = LaunchScreen.xib;
			sourceTree = "<group>";
		};
/* End PBXVariantGroup section */

/* Begin XCBuildConfiguration section */
		A14F88161D40A2320078BB73 /* Debug */ = {
			isa = XCBuildConfiguration;
			buildSettings = {
				ALWAYS_SEARCH_USER_PATHS = NO;
				CLANG_CXX_LANGUAGE_STANDARD = "gnu++0x";
				CLANG_CXX_LIBRARY = "libc++";
				CLANG_ENABLE_MODULES = YES;
				CLANG_ENABLE_OBJC_ARC = YES;
				CLANG_WARN_BOOL_CONVERSION = YES;
				CLANG_WARN_CONSTANT_CONVERSION = YES;
				CLANG_WARN_DIRECT_OBJC_ISA_USAGE = YES_ERROR;
				CLANG_WARN_EMPTY_BODY = YES;
				CLANG_WARN_ENUM_CONVERSION = YES;
				CLANG_WARN_INT_CONVERSION = YES;
				CLANG_WARN_OBJC_ROOT_CLASS = YES_ERROR;
				CLANG_WARN_UNREACHABLE_CODE = YES;
				CLANG_WARN__DUPLICATE_METHOD_MATCH = YES;
				"CODE_SIGN_IDENTITY[sdk=iphoneos*]" = "iPhone Developer";
				COPY_PHASE_STRIP = NO;
				ENABLE_STRICT_OBJC_MSGSEND = YES;
				GCC_C_LANGUAGE_STANDARD = gnu99;
				GCC_DYNAMIC_NO_PIC = NO;
				GCC_OPTIMIZATION_LEVEL = 0;
				GCC_PREFIX_HEADER = MovieApp/MovieApp_prefix.pch;
				GCC_PREPROCESSOR_DEFINITIONS = (
					"DEBUG=1",
					"$(inherited)",
				);
				GCC_SYMBOLS_PRIVATE_EXTERN = NO;
				GCC_WARN_64_TO_32_BIT_CONVERSION = YES;
				GCC_WARN_ABOUT_RETURN_TYPE = YES_ERROR;
				GCC_WARN_UNDECLARED_SELECTOR = YES;
				GCC_WARN_UNINITIALIZED_AUTOS = YES_AGGRESSIVE;
				GCC_WARN_UNUSED_FUNCTION = YES;
				GCC_WARN_UNUSED_VARIABLE = YES;
				IPHONEOS_DEPLOYMENT_TARGET = 8.1;
				MTL_ENABLE_DEBUG_INFO = YES;
				ONLY_ACTIVE_ARCH = YES;
				SDKROOT = iphoneos;
			};
			name = Debug;
		};
		A14F88171D40A2320078BB73 /* Release */ = {
			isa = XCBuildConfiguration;
			buildSettings = {
				ALWAYS_SEARCH_USER_PATHS = NO;
				CLANG_CXX_LANGUAGE_STANDARD = "gnu++0x";
				CLANG_CXX_LIBRARY = "libc++";
				CLANG_ENABLE_MODULES = YES;
				CLANG_ENABLE_OBJC_ARC = YES;
				CLANG_WARN_BOOL_CONVERSION = YES;
				CLANG_WARN_CONSTANT_CONVERSION = YES;
				CLANG_WARN_DIRECT_OBJC_ISA_USAGE = YES_ERROR;
				CLANG_WARN_EMPTY_BODY = YES;
				CLANG_WARN_ENUM_CONVERSION = YES;
				CLANG_WARN_INT_CONVERSION = YES;
				CLANG_WARN_OBJC_ROOT_CLASS = YES_ERROR;
				CLANG_WARN_UNREACHABLE_CODE = YES;
				CLANG_WARN__DUPLICATE_METHOD_MATCH = YES;
				"CODE_SIGN_IDENTITY[sdk=iphoneos*]" = "iPhone Developer";
				COPY_PHASE_STRIP = YES;
				ENABLE_NS_ASSERTIONS = NO;
				ENABLE_STRICT_OBJC_MSGSEND = YES;
				GCC_C_LANGUAGE_STANDARD = gnu99;
				GCC_PREFIX_HEADER = MovieApp/MovieApp_prefix.pch;
				GCC_WARN_64_TO_32_BIT_CONVERSION = YES;
				GCC_WARN_ABOUT_RETURN_TYPE = YES_ERROR;
				GCC_WARN_UNDECLARED_SELECTOR = YES;
				GCC_WARN_UNINITIALIZED_AUTOS = YES_AGGRESSIVE;
				GCC_WARN_UNUSED_FUNCTION = YES;
				GCC_WARN_UNUSED_VARIABLE = YES;
				IPHONEOS_DEPLOYMENT_TARGET = 8.1;
				MTL_ENABLE_DEBUG_INFO = NO;
				SDKROOT = iphoneos;
				VALIDATE_PRODUCT = YES;
			};
			name = Release;
		};
		A14F88191D40A2320078BB73 /* Debug */ = {
			isa = XCBuildConfiguration;
			baseConfigurationReference = AB4E6C94FDF47A606FB8681D /* Pods-MovieApp.debug.xcconfig */;
			buildSettings = {
				ASSETCATALOG_COMPILER_APPICON_NAME = AppIcon;
				ENABLE_NS_ASSERTIONS = NO;
				INFOPLIST_FILE = MovieApp/Info.plist;
				LD_RUNPATH_SEARCH_PATHS = "$(inherited) @executable_path/Frameworks";
				PRODUCT_NAME = "$(TARGET_NAME)";
			};
			name = Debug;
		};
		A14F881A1D40A2320078BB73 /* Release */ = {
			isa = XCBuildConfiguration;
			baseConfigurationReference = 21931988CB452E99ED7E5610 /* Pods-MovieApp.release.xcconfig */;
			buildSettings = {
				ASSETCATALOG_COMPILER_APPICON_NAME = AppIcon;
				ENABLE_NS_ASSERTIONS = NO;
				INFOPLIST_FILE = MovieApp/Info.plist;
				LD_RUNPATH_SEARCH_PATHS = "$(inherited) @executable_path/Frameworks";
				PRODUCT_NAME = "$(TARGET_NAME)";
			};
			name = Release;
		};
/* End XCBuildConfiguration section */

/* Begin XCConfigurationList section */
		A14F87ED1D40A2320078BB73 /* Build configuration list for PBXProject "MovieApp" */ = {
			isa = XCConfigurationList;
			buildConfigurations = (
				A14F88161D40A2320078BB73 /* Debug */,
				A14F88171D40A2320078BB73 /* Release */,
			);
			defaultConfigurationIsVisible = 0;
			defaultConfigurationName = Release;
		};
		A14F88181D40A2320078BB73 /* Build configuration list for PBXNativeTarget "MovieApp" */ = {
			isa = XCConfigurationList;
			buildConfigurations = (
				A14F88191D40A2320078BB73 /* Debug */,
				A14F881A1D40A2320078BB73 /* Release */,
			);
			defaultConfigurationIsVisible = 0;
			defaultConfigurationName = Release;
		};
/* End XCConfigurationList section */

/* Begin XCVersionGroup section */
		A14F87FC1D40A2320078BB73 /* MovieApp.xcdatamodeld */ = {
			isa = XCVersionGroup;
			children = (
				A14F87FD1D40A2320078BB73 /* MovieApp.xcdatamodel */,
			);
			currentVersion = A14F87FD1D40A2320078BB73 /* MovieApp.xcdatamodel */;
			path = MovieApp.xcdatamodeld;
			sourceTree = "<group>";
			versionGroupType = wrapper.xcdatamodel;
		};
/* End XCVersionGroup section */
	};
	rootObject = A14F87EA1D40A2320078BB73 /* Project object */;
}
